
Microsoft Visual Studio Solution File, Format Version 12.00
# Visual Studio 15
VisualStudioVersion = 15.0.28307.168
MinimumVisualStudioVersion = 10.0.40219.1
Project("{FAE04EC0-301F-11D3-BF4B-00C04F79EFBC}") = "TestApp", "TestApp\TestApp.csproj", "{EE8AE6A0-DCB2-4143-AA5A-2EB43FEFB19E}"
EndProject
Global
	GlobalSection(SolutionConfigurationPlatforms) = preSolution
		Debug|Any CPU = Debug|Any CPU
		Release|Any CPU = Release|Any CPU
	EndGlobalSection
	GlobalSection(ProjectConfigurationPlatforms) = postSolution
		{EE8AE6A0-DCB2-4143-AA5A-2EB43FEFB19E}.Debug|Any CPU.ActiveCfg = Debug|Any CPU
		{EE8AE6A0-DCB2-4143-AA5A-2EB43FEFB19E}.Debug|Any CPU.Build.0 = Debug|Any CPU
		{EE8AE6A0-DCB2-4143-AA5A-2EB43FEFB19E}.Release|Any CPU.ActiveCfg = Release|Any CPU
		{EE8AE6A0-DCB2-4143-AA5A-2EB43FEFB19E}.Release|Any CPU.Build.0 = Release|Any CPU
	EndGlobalSection
	GlobalSection(SolutionProperties) = preSolution
		HideSolutionNode = FALSE
	EndGlobalSection
	GlobalSection(ExtensibilityGlobals) = postSolution
		SolutionGuid = {07859D31-04FA-4BC1-9456-AFF9BAE10789}
	EndGlobalSection
EndGlobal
